<?xml version="1.0" encoding="utf-8"?>
<Project ToolsVersion="4.0" xmlns="http://schemas.microsoft.com/developer/msbuild/2003">
  <ItemGroup>
    <Filter Include="ソース ファイル">
      <UniqueIdentifier>{4FC737F1-C7A5-4376-A066-2A32D752A2FF}</UniqueIdentifier>
      <Extensions>cpp;c;cc;cxx;c++;cppm;ixx;def;odl;idl;hpj;bat;asm;asmx</Extensions>
    </Filter>
    <Filter Include="ヘッダー ファイル">
      <UniqueIdentifier>{93995380-89BD-4b04-88EB-625FBE52EBFB}</UniqueIdentifier>
      <Extensions>h;hh;hpp;hxx;h++;hm;inl;inc;ipp;xsd</Extensions>
    </Filter>
    <Filter Include="リソース ファイル">
      <UniqueIdentifier>{67DA6AB6-F800-4c08-8B7A-83BB121AAD01}</UniqueIdentifier>
      <Extensions>rc;ico;cur;bmp;dlg;rc2;rct;bin;rgs;gif;jpg;jpeg;jpe;resx;tiff;tif;png;wav;mfcribbon-ms</Extensions>
    </Filter>
    <Filter Include="ソース ファイル\D3D12">
      <UniqueIdentifier>{d47bb449-2178-47cf-b486-99a6d98585d1}</UniqueIdentifier>
    </Filter>
    <Filter Include="ソース ファイル\D3D12\Shader">
      <UniqueIdentifier>{32d039f7-1662-438a-bfce-2f8ecf1e11d0}</UniqueIdentifier>
    </Filter>
    <Filter Include="ソース ファイル\imgui %28temp%29">
      <UniqueIdentifier>{af34bfc7-8ab9-4e53-a669-b73b93dde5b8}</UniqueIdentifier>
    </Filter>
  </ItemGroup>
  <ItemGroup>
    <ClCompile Include="Renderer.cpp">
      <Filter>ソース ファイル</Filter>
    </ClCompile>
    <ClCompile Include="D3D12\D3D12Core.cpp">
      <Filter>ソース ファイル\D3D12</Filter>
    </ClCompile>
    <ClCompile Include="CommandBuffer.cpp">
      <Filter>ソース ファイル</Filter>
    </ClCompile>
    <ClCompile Include="DrawTriangleSamplePass.cpp">
      <Filter>ソース ファイル</Filter>
    </ClCompile>
    <ClCompile Include="VertexBuffer.cpp">
      <Filter>ソース ファイル</Filter>
    </ClCompile>
    <ClCompile Include="D3D12\D3D12VertexBuffer.cpp">
      <Filter>ソース ファイル\D3D12</Filter>
    </ClCompile>
    <ClCompile Include="D3D12\D3D12CommandProcessor.cpp">
      <Filter>ソース ファイル\D3D12</Filter>
    </ClCompile>
    <ClCompile Include="D3D12\D3D12RootSignature.cpp">
      <Filter>ソース ファイル\D3D12</Filter>
    </ClCompile>
    <ClCompile Include="D3D12\D3D12PipelineState.cpp">
      <Filter>ソース ファイル\D3D12</Filter>
    </ClCompile>
    <ClCompile Include="Shader.cpp">
      <Filter>ソース ファイル</Filter>
    </ClCompile>
    <ClCompile Include="D3D12\D3D12Shader.cpp">
      <Filter>ソース ファイル\D3D12</Filter>
    </ClCompile>
    <ClCompile Include="RenderTexture.cpp">
      <Filter>ソース ファイル</Filter>
    </ClCompile>
    <ClCompile Include="D3D12\D3D12RenderTexture.cpp">
      <Filter>ソース ファイル\D3D12</Filter>
    </ClCompile>
    <ClCompile Include="D3D12\D3D12DescriptorHeap.cpp">
      <Filter>ソース ファイル\D3D12</Filter>
    </ClCompile>
    <ClCompile Include="Texture.cpp">
      <Filter>ソース ファイル</Filter>
    </ClCompile>
    <ClCompile Include="D3D12\D3D12Texture.cpp">
      <Filter>ソース ファイル\D3D12</Filter>
    </ClCompile>
    <ClCompile Include="..\..\..\External\ocornut\imgui\imgui.cpp">
      <Filter>ソース ファイル\imgui %28temp%29</Filter>
    </ClCompile>
    <ClCompile Include="..\..\..\External\ocornut\imgui\imgui_demo.cpp">
      <Filter>ソース ファイル\imgui %28temp%29</Filter>
    </ClCompile>
    <ClCompile Include="..\..\..\External\ocornut\imgui\imgui_draw.cpp">
      <Filter>ソース ファイル\imgui %28temp%29</Filter>
    </ClCompile>
    <ClCompile Include="..\..\..\External\ocornut\imgui\imgui_tables.cpp">
      <Filter>ソース ファイル\imgui %28temp%29</Filter>
    </ClCompile>
    <ClCompile Include="..\..\..\External\ocornut\imgui\imgui_widgets.cpp">
      <Filter>ソース ファイル\imgui %28temp%29</Filter>
    </ClCompile>
    <ClCompile Include="..\..\..\External\ocornut\imgui\backends\imgui_impl_dx12.cpp">
      <Filter>ソース ファイル\imgui %28temp%29</Filter>
    </ClCompile>
    <ClCompile Include="..\..\..\External\ocornut\imgui\backends\imgui_impl_win32.cpp">
      <Filter>ソース ファイル\imgui %28temp%29</Filter>
    </ClCompile>
  </ItemGroup>
  <ItemGroup>
    <ClInclude Include="..\..\..\Include\Engine\Graphics\Renderer.h">
      <Filter>ヘッダー ファイル</Filter>
    </ClInclude>
    <ClInclude Include="D3D12\D3D12Core.h">
      <Filter>ソース ファイル\D3D12</Filter>
    </ClInclude>
    <ClInclude Include="..\..\..\Include\Engine\Graphics\Type.h">
      <Filter>ヘッダー ファイル</Filter>
    </ClInclude>
    <ClInclude Include="DrawTriangleSamplePass.h">
      <Filter>ソース ファイル</Filter>
    </ClInclude>
    <ClInclude Include="VertexBuffer.h">
      <Filter>ソース ファイル</Filter>
    </ClInclude>
    <ClInclude Include="D3D12\D3D12VertexBuffer.h">
      <Filter>ソース ファイル\D3D12</Filter>
    </ClInclude>
    <ClInclude Include="D3D12\D3D12CommandProcessor.h">
      <Filter>ソース ファイル\D3D12</Filter>
    </ClInclude>
    <ClInclude Include="D3D12\D3D12TypeTranslator.h">
      <Filter>ソース ファイル\D3D12</Filter>
    </ClInclude>
    <ClInclude Include="D3D12\D3D12RootSignature.h">
      <Filter>ソース ファイル\D3D12</Filter>
    </ClInclude>
    <ClInclude Include="D3D12\D3D12PipelineState.h">
      <Filter>ソース ファイル\D3D12</Filter>
    </ClInclude>
    <ClInclude Include="Shader.h">
      <Filter>ソース ファイル</Filter>
    </ClInclude>
    <ClInclude Include="D3D12\D3D12Shader.h">
      <Filter>ソース ファイル\D3D12</Filter>
    </ClInclude>
    <ClInclude Include="RenderTexture.h">
      <Filter>ソース ファイル</Filter>
    </ClInclude>
    <ClInclude Include="D3D12\D3D12RenderTexture.h">
      <Filter>ソース ファイル\D3D12</Filter>
    </ClInclude>
    <ClInclude Include="D3D12\D3D12DescriptorHeap.h">
      <Filter>ソース ファイル\D3D12</Filter>
    </ClInclude>
    <ClInclude Include="ResidentResource.h">
      <Filter>ソース ファイル</Filter>
    </ClInclude>
    <ClInclude Include="SystemResourceManager.h">
      <Filter>ソース ファイル</Filter>
    </ClInclude>
    <ClInclude Include="D3D12\D3D12Texture.h">
      <Filter>ソース ファイル\D3D12</Filter>
    </ClInclude>
    <ClInclude Include="..\..\..\Include\Engine\Graphics\CommandBuffer.h">
      <Filter>ヘッダー ファイル</Filter>
    </ClInclude>
    <ClInclude Include="..\..\..\External\ocornut\imgui\imconfig.h">
      <Filter>ソース ファイル\imgui %28temp%29</Filter>
    </ClInclude>
    <ClInclude Include="..\..\..\External\ocornut\imgui\imgui.h">
      <Filter>ソース ファイル\imgui %28temp%29</Filter>
    </ClInclude>
    <ClInclude Include="..\..\..\External\ocornut\imgui\imgui_internal.h">
      <Filter>ソース ファイル\imgui %28temp%29</Filter>
    </ClInclude>
    <ClInclude Include="..\..\..\External\ocornut\imgui\backends\imgui_impl_dx12.h">
      <Filter>ソース ファイル\imgui %28temp%29</Filter>
    </ClInclude>
    <ClInclude Include="..\..\..\External\ocornut\imgui\backends\imgui_impl_win32.h">
      <Filter>ソース ファイル\imgui %28temp%29</Filter>
    </ClInclude>
    <ClInclude Include="..\..\..\Include\Engine\Graphics\Texture.h">
      <Filter>ヘッダー ファイル</Filter>
    </ClInclude>
    <ClInclude Include="..\..\..\Include\Engine\Graphics\RenderObject.h">
      <Filter>ヘッダー ファイル</Filter>
    </ClInclude>
  </ItemGroup>
  <ItemGroup>
    <ShaderBuilder Include="D3D12\Shader\Shader.hlsl">
      <Filter>ソース ファイル\D3D12\Shader</Filter>
    </ShaderBuilder>
    <ShaderBuilder Include="D3D12\Shader\CopyTexture.hlsl">
      <Filter>ソース ファイル\D3D12\Shader</Filter>
    </ShaderBuilder>
  </ItemGroup>
</Project>