
Microsoft Visual Studio Solution File, Format Version 12.00
# Visual Studio Version 17
VisualStudioVersion = 17.5.33516.290
MinimumVisualStudioVersion = 10.0.40219.1
Project("{8BC9CEB8-8B4A-11D0-8D11-00A0C91BC942}") = "Editor", "Editor\Editor.vcxproj", "{6D2AE3D4-1BAB-4C54-A42D-73BBEEABDE6C}"
	ProjectSection(ProjectDependencies) = postProject
		{08498363-EEAD-42FE-8313-9AE341E545E1} = {08498363-EEAD-42FE-8313-9AE341E545E1}
		{99B42B91-F8D6-4F51-A25A-21F5CC581FCD} = {99B42B91-F8D6-4F51-A25A-21F5CC581FCD}
		{A425210F-B430-4B1D-A5E2-80E3F5E1734E} = {A425210F-B430-4B1D-A5E2-80E3F5E1734E}
		{C410C6D5-77C3-4821-8C7A-C50B1EF3C715} = {C410C6D5-77C3-4821-8C7A-C50B1EF3C715}
	EndProjectSection
EndProject
Project("{2150E333-8FDC-42A3-9474-1A3956D46DE8}") = "Editor", "Editor", "{3E61AF82-33EF-4FD9-A532-E0F0B6549157}"
EndProject
Project("{8BC9CEB8-8B4A-11D0-8D11-00A0C91BC942}") = "Engine.Framework", "Engine\Framework\Engine.Framework.vcxproj", "{A425210F-B430-4B1D-A5E2-80E3F5E1734E}"
	ProjectSection(ProjectDependencies) = postProject
		{08498363-EEAD-42FE-8313-9AE341E545E1} = {08498363-EEAD-42FE-8313-9AE341E545E1}
		{99B42B91-F8D6-4F51-A25A-21F5CC581FCD} = {99B42B91-F8D6-4F51-A25A-21F5CC581FCD}
		{C410C6D5-77C3-4821-8C7A-C50B1EF3C715} = {C410C6D5-77C3-4821-8C7A-C50B1EF3C715}
	EndProjectSection
EndProject
Project("{2150E333-8FDC-42A3-9474-1A3956D46DE8}") = "Engine", "Engine", "{0C759606-89B4-41AB-8AD4-578D16C28749}"
EndProject
Project("{8BC9CEB8-8B4A-11D0-8D11-00A0C91BC942}") = "Engine.Core", "Engine\Core\Engine.Core.vcxproj", "{C410C6D5-77C3-4821-8C7A-C50B1EF3C715}"
	ProjectSection(ProjectDependencies) = postProject
		{99B42B91-F8D6-4F51-A25A-21F5CC581FCD} = {99B42B91-F8D6-4F51-A25A-21F5CC581FCD}
	EndProjectSection
EndProject
Project("{8BC9CEB8-8B4A-11D0-8D11-00A0C91BC942}") = "Engine.Graphics", "Engine\Graphics\Engine.Graphics.vcxproj", "{08498363-EEAD-42FE-8313-9AE341E545E1}"
	ProjectSection(ProjectDependencies) = postProject
		{99B42B91-F8D6-4F51-A25A-21F5CC581FCD} = {99B42B91-F8D6-4F51-A25A-21F5CC581FCD}
		{C410C6D5-77C3-4821-8C7A-C50B1EF3C715} = {C410C6D5-77C3-4821-8C7A-C50B1EF3C715}
		{DDCE7007-9193-44A8-B1C6-DDBE8E3433A8} = {DDCE7007-9193-44A8-B1C6-DDBE8E3433A8}
	EndProjectSection
EndProject
Project("{2150E333-8FDC-42A3-9474-1A3956D46DE8}") = "Tool", "Tool", "{D1BBF322-0188-4252-BFC3-4EA865FE4684}"
EndProject
Project("{FAE04EC0-301F-11D3-BF4B-00C04F79EFBC}") = "Tool.Bootstrap", "Tool\Bootstrap\Tool.Bootstrap.csproj", "{99B42B91-F8D6-4F51-A25A-21F5CC581FCD}"
EndProject
Project("{8BC9CEB8-8B4A-11D0-8D11-00A0C91BC942}") = "Tool.ShaderBuilder", "Tool\ShaderBuilder\Tool.ShaderBuilder.vcxproj", "{DDCE7007-9193-44A8-B1C6-DDBE8E3433A8}"
	ProjectSection(ProjectDependencies) = postProject
		{99B42B91-F8D6-4F51-A25A-21F5CC581FCD} = {99B42B91-F8D6-4F51-A25A-21F5CC581FCD}
	EndProjectSection
EndProject
Project("{8BC9CEB8-8B4A-11D0-8D11-00A0C91BC942}") = "Tool.Bin2Obj", "Tool\Bin2Obj\Tool.Bin2Obj.vcxproj", "{A8F3B5CA-C1F3-4B92-AC1B-414180A1D2C7}"
	ProjectSection(ProjectDependencies) = postProject
		{99B42B91-F8D6-4F51-A25A-21F5CC581FCD} = {99B42B91-F8D6-4F51-A25A-21F5CC581FCD}
	EndProjectSection
EndProject
Project("{FAE04EC0-301F-11D3-BF4B-00C04F79EFBC}") = "ClassLibrary1", "ClassLibrary1\ClassLibrary1.csproj", "{324EA497-3659-4E03-BE9E-6843ACD1EE2C}"
EndProject
Project("{8BC9CEB8-8B4A-11D0-8D11-00A0C91BC942}") = "Tool.xxHash", "Tool\xxHash\Tool.xxHash.vcxproj", "{AD54C17E-FC3F-4BBD-AF1F-5BFC5EA25C8D}"
EndProject
Global
	GlobalSection(SolutionConfigurationPlatforms) = preSolution
		Debug|Any CPU = Debug|Any CPU
		Debug|Win64 = Debug|Win64
		Debug|x64 = Debug|x64
		Debug|x86 = Debug|x86
		Release|Any CPU = Release|Any CPU
		Release|Win64 = Release|Win64
		Release|x64 = Release|x64
		Release|x86 = Release|x86
	EndGlobalSection
	GlobalSection(ProjectConfigurationPlatforms) = postSolution
		{6D2AE3D4-1BAB-4C54-A42D-73BBEEABDE6C}.Debug|Any CPU.ActiveCfg = Debug|x64
		{6D2AE3D4-1BAB-4C54-A42D-73BBEEABDE6C}.Debug|Any CPU.Build.0 = Debug|x64
		{6D2AE3D4-1BAB-4C54-A42D-73BBEEABDE6C}.Debug|Win64.ActiveCfg = Debug|x64
		{6D2AE3D4-1BAB-4C54-A42D-73BBEEABDE6C}.Debug|Win64.Build.0 = Debug|x64
		{6D2AE3D4-1BAB-4C54-A42D-73BBEEABDE6C}.Debug|x64.ActiveCfg = Debug|x64
		{6D2AE3D4-1BAB-4C54-A42D-73BBEEABDE6C}.Debug|x64.Build.0 = Debug|x64
		{6D2AE3D4-1BAB-4C54-A42D-73BBEEABDE6C}.Debug|x86.ActiveCfg = Debug|x64
		{6D2AE3D4-1BAB-4C54-A42D-73BBEEABDE6C}.Debug|x86.Build.0 = Debug|x64
		{6D2AE3D4-1BAB-4C54-A42D-73BBEEABDE6C}.Release|Any CPU.ActiveCfg = Release|x64
		{6D2AE3D4-1BAB-4C54-A42D-73BBEEABDE6C}.Release|Any CPU.Build.0 = Release|x64
		{6D2AE3D4-1BAB-4C54-A42D-73BBEEABDE6C}.Release|Win64.ActiveCfg = Release|x64
		{6D2AE3D4-1BAB-4C54-A42D-73BBEEABDE6C}.Release|Win64.Build.0 = Release|x64
		{6D2AE3D4-1BAB-4C54-A42D-73BBEEABDE6C}.Release|x64.ActiveCfg = Release|x64
		{6D2AE3D4-1BAB-4C54-A42D-73BBEEABDE6C}.Release|x64.Build.0 = Release|x64
		{6D2AE3D4-1BAB-4C54-A42D-73BBEEABDE6C}.Release|x86.ActiveCfg = Release|x64
		{6D2AE3D4-1BAB-4C54-A42D-73BBEEABDE6C}.Release|x86.Build.0 = Release|x64
		{A425210F-B430-4B1D-A5E2-80E3F5E1734E}.Debug|Any CPU.ActiveCfg = Debug|x64
		{A425210F-B430-4B1D-A5E2-80E3F5E1734E}.Debug|Any CPU.Build.0 = Debug|x64
		{A425210F-B430-4B1D-A5E2-80E3F5E1734E}.Debug|Win64.ActiveCfg = Debug|x64
		{A425210F-B430-4B1D-A5E2-80E3F5E1734E}.Debug|Win64.Build.0 = Debug|x64
		{A425210F-B430-4B1D-A5E2-80E3F5E1734E}.Debug|x64.ActiveCfg = Debug|x64
		{A425210F-B430-4B1D-A5E2-80E3F5E1734E}.Debug|x64.Build.0 = Debug|x64
		{A425210F-B430-4B1D-A5E2-80E3F5E1734E}.Debug|x86.ActiveCfg = Debug|x64
		{A425210F-B430-4B1D-A5E2-80E3F5E1734E}.Debug|x86.Build.0 = Debug|x64
		{A425210F-B430-4B1D-A5E2-80E3F5E1734E}.Release|Any CPU.ActiveCfg = Release|x64
		{A425210F-B430-4B1D-A5E2-80E3F5E1734E}.Release|Any CPU.Build.0 = Release|x64
		{A425210F-B430-4B1D-A5E2-80E3F5E1734E}.Release|Win64.ActiveCfg = Release|x64
		{A425210F-B430-4B1D-A5E2-80E3F5E1734E}.Release|Win64.Build.0 = Release|x64
		{A425210F-B430-4B1D-A5E2-80E3F5E1734E}.Release|x64.ActiveCfg = Release|x64
		{A425210F-B430-4B1D-A5E2-80E3F5E1734E}.Release|x64.Build.0 = Release|x64
		{A425210F-B430-4B1D-A5E2-80E3F5E1734E}.Release|x86.ActiveCfg = Release|x64
		{A425210F-B430-4B1D-A5E2-80E3F5E1734E}.Release|x86.Build.0 = Release|x64
		{C410C6D5-77C3-4821-8C7A-C50B1EF3C715}.Debug|Any CPU.ActiveCfg = Debug|x64
		{C410C6D5-77C3-4821-8C7A-C50B1EF3C715}.Debug|Any CPU.Build.0 = Debug|x64
		{C410C6D5-77C3-4821-8C7A-C50B1EF3C715}.Debug|Win64.ActiveCfg = Debug|x64
		{C410C6D5-77C3-4821-8C7A-C50B1EF3C715}.Debug|Win64.Build.0 = Debug|x64
		{C410C6D5-77C3-4821-8C7A-C50B1EF3C715}.Debug|x64.ActiveCfg = Debug|x64
		{C410C6D5-77C3-4821-8C7A-C50B1EF3C715}.Debug|x64.Build.0 = Debug|x64
		{C410C6D5-77C3-4821-8C7A-C50B1EF3C715}.Debug|x86.ActiveCfg = Debug|x64
		{C410C6D5-77C3-4821-8C7A-C50B1EF3C715}.Debug|x86.Build.0 = Debug|x64
		{C410C6D5-77C3-4821-8C7A-C50B1EF3C715}.Release|Any CPU.ActiveCfg = Release|x64
		{C410C6D5-77C3-4821-8C7A-C50B1EF3C715}.Release|Any CPU.Build.0 = Release|x64
		{C410C6D5-77C3-4821-8C7A-C50B1EF3C715}.Release|Win64.ActiveCfg = Release|x64
		{C410C6D5-77C3-4821-8C7A-C50B1EF3C715}.Release|Win64.Build.0 = Release|x64
		{C410C6D5-77C3-4821-8C7A-C50B1EF3C715}.Release|x64.ActiveCfg = Release|x64
		{C410C6D5-77C3-4821-8C7A-C50B1EF3C715}.Release|x64.Build.0 = Release|x64
		{C410C6D5-77C3-4821-8C7A-C50B1EF3C715}.Release|x86.ActiveCfg = Release|x64
		{C410C6D5-77C3-4821-8C7A-C50B1EF3C715}.Release|x86.Build.0 = Release|x64
		{08498363-EEAD-42FE-8313-9AE341E545E1}.Debug|Any CPU.ActiveCfg = Debug|x64
		{08498363-EEAD-42FE-8313-9AE341E545E1}.Debug|Any CPU.Build.0 = Debug|x64
		{08498363-EEAD-42FE-8313-9AE341E545E1}.Debug|Win64.ActiveCfg = Debug|x64
		{08498363-EEAD-42FE-8313-9AE341E545E1}.Debug|Win64.Build.0 = Debug|x64
		{08498363-EEAD-42FE-8313-9AE341E545E1}.Debug|x64.ActiveCfg = Debug|x64
		{08498363-EEAD-42FE-8313-9AE341E545E1}.Debug|x64.Build.0 = Debug|x64
		{08498363-EEAD-42FE-8313-9AE341E545E1}.Debug|x86.ActiveCfg = Debug|x64
		{08498363-EEAD-42FE-8313-9AE341E545E1}.Debug|x86.Build.0 = Debug|x64
		{08498363-EEAD-42FE-8313-9AE341E545E1}.Release|Any CPU.ActiveCfg = Release|x64
		{08498363-EEAD-42FE-8313-9AE341E545E1}.Release|Any CPU.Build.0 = Release|x64
		{08498363-EEAD-42FE-8313-9AE341E545E1}.Release|Win64.ActiveCfg = Release|x64
		{08498363-EEAD-42FE-8313-9AE341E545E1}.Release|Win64.Build.0 = Release|x64
		{08498363-EEAD-42FE-8313-9AE341E545E1}.Release|x64.ActiveCfg = Release|x64
		{08498363-EEAD-42FE-8313-9AE341E545E1}.Release|x64.Build.0 = Release|x64
		{08498363-EEAD-42FE-8313-9AE341E545E1}.Release|x86.ActiveCfg = Release|x64
		{08498363-EEAD-42FE-8313-9AE341E545E1}.Release|x86.Build.0 = Release|x64
		{99B42B91-F8D6-4F51-A25A-21F5CC581FCD}.Debug|Any CPU.ActiveCfg = Debug|Any CPU
		{99B42B91-F8D6-4F51-A25A-21F5CC581FCD}.Debug|Any CPU.Build.0 = Debug|Any CPU
		{99B42B91-F8D6-4F51-A25A-21F5CC581FCD}.Debug|Win64.ActiveCfg = Debug|Any CPU
		{99B42B91-F8D6-4F51-A25A-21F5CC581FCD}.Debug|Win64.Build.0 = Debug|Any CPU
		{99B42B91-F8D6-4F51-A25A-21F5CC581FCD}.Debug|x64.ActiveCfg = Debug|Any CPU
		{99B42B91-F8D6-4F51-A25A-21F5CC581FCD}.Debug|x64.Build.0 = Debug|Any CPU
		{99B42B91-F8D6-4F51-A25A-21F5CC581FCD}.Debug|x86.ActiveCfg = Debug|Any CPU
		{99B42B91-F8D6-4F51-A25A-21F5CC581FCD}.Debug|x86.Build.0 = Debug|Any CPU
		{99B42B91-F8D6-4F51-A25A-21F5CC581FCD}.Release|Any CPU.ActiveCfg = Release|Any CPU
		{99B42B91-F8D6-4F51-A25A-21F5CC581FCD}.Release|Any CPU.Build.0 = Release|Any CPU
		{99B42B91-F8D6-4F51-A25A-21F5CC581FCD}.Release|Win64.ActiveCfg = Release|Any CPU
		{99B42B91-F8D6-4F51-A25A-21F5CC581FCD}.Release|Win64.Build.0 = Release|Any CPU
		{99B42B91-F8D6-4F51-A25A-21F5CC581FCD}.Release|x64.ActiveCfg = Release|Any CPU
		{99B42B91-F8D6-4F51-A25A-21F5CC581FCD}.Release|x64.Build.0 = Release|Any CPU
		{99B42B91-F8D6-4F51-A25A-21F5CC581FCD}.Release|x86.ActiveCfg = Release|Any CPU
		{99B42B91-F8D6-4F51-A25A-21F5CC581FCD}.Release|x86.Build.0 = Release|Any CPU
		{DDCE7007-9193-44A8-B1C6-DDBE8E3433A8}.Debug|Any CPU.ActiveCfg = Debug|x64
		{DDCE7007-9193-44A8-B1C6-DDBE8E3433A8}.Debug|Any CPU.Build.0 = Debug|x64
		{DDCE7007-9193-44A8-B1C6-DDBE8E3433A8}.Debug|Win64.ActiveCfg = Debug|x64
		{DDCE7007-9193-44A8-B1C6-DDBE8E3433A8}.Debug|Win64.Build.0 = Debug|x64
		{DDCE7007-9193-44A8-B1C6-DDBE8E3433A8}.Debug|x64.ActiveCfg = Debug|x64
		{DDCE7007-9193-44A8-B1C6-DDBE8E3433A8}.Debug|x64.Build.0 = Debug|x64
		{DDCE7007-9193-44A8-B1C6-DDBE8E3433A8}.Debug|x86.ActiveCfg = Debug|Win32
		{DDCE7007-9193-44A8-B1C6-DDBE8E3433A8}.Debug|x86.Build.0 = Debug|Win32
		{DDCE7007-9193-44A8-B1C6-DDBE8E3433A8}.Release|Any CPU.ActiveCfg = Release|x64
		{DDCE7007-9193-44A8-B1C6-DDBE8E3433A8}.Release|Any CPU.Build.0 = Release|x64
		{DDCE7007-9193-44A8-B1C6-DDBE8E3433A8}.Release|Win64.ActiveCfg = Release|x64
		{DDCE7007-9193-44A8-B1C6-DDBE8E3433A8}.Release|Win64.Build.0 = Release|x64
		{DDCE7007-9193-44A8-B1C6-DDBE8E3433A8}.Release|x64.ActiveCfg = Release|x64
		{DDCE7007-9193-44A8-B1C6-DDBE8E3433A8}.Release|x64.Build.0 = Release|x64
		{DDCE7007-9193-44A8-B1C6-DDBE8E3433A8}.Release|x86.ActiveCfg = Release|Win32
		{DDCE7007-9193-44A8-B1C6-DDBE8E3433A8}.Release|x86.Build.0 = Release|Win32
		{A8F3B5CA-C1F3-4B92-AC1B-414180A1D2C7}.Debug|Any CPU.ActiveCfg = Debug|x64
		{A8F3B5CA-C1F3-4B92-AC1B-414180A1D2C7}.Debug|Any CPU.Build.0 = Debug|x64
		{A8F3B5CA-C1F3-4B92-AC1B-414180A1D2C7}.Debug|Win64.ActiveCfg = Debug|x64
		{A8F3B5CA-C1F3-4B92-AC1B-414180A1D2C7}.Debug|Win64.Build.0 = Debug|x64
		{A8F3B5CA-C1F3-4B92-AC1B-414180A1D2C7}.Debug|x64.ActiveCfg = Debug|x64
		{A8F3B5CA-C1F3-4B92-AC1B-414180A1D2C7}.Debug|x64.Build.0 = Debug|x64
		{A8F3B5CA-C1F3-4B92-AC1B-414180A1D2C7}.Debug|x86.ActiveCfg = Debug|Win32
		{A8F3B5CA-C1F3-4B92-AC1B-414180A1D2C7}.Debug|x86.Build.0 = Debug|Win32
		{A8F3B5CA-C1F3-4B92-AC1B-414180A1D2C7}.Release|Any CPU.ActiveCfg = Release|x64
		{A8F3B5CA-C1F3-4B92-AC1B-414180A1D2C7}.Release|Any CPU.Build.0 = Release|x64
		{A8F3B5CA-C1F3-4B92-AC1B-414180A1D2C7}.Release|Win64.ActiveCfg = Release|x64
		{A8F3B5CA-C1F3-4B92-AC1B-414180A1D2C7}.Release|Win64.Build.0 = Release|x64
		{A8F3B5CA-C1F3-4B92-AC1B-414180A1D2C7}.Release|x64.ActiveCfg = Release|x64
		{A8F3B5CA-C1F3-4B92-AC1B-414180A1D2C7}.Release|x64.Build.0 = Release|x64
		{A8F3B5CA-C1F3-4B92-AC1B-414180A1D2C7}.Release|x86.ActiveCfg = Release|Win32
		{A8F3B5CA-C1F3-4B92-AC1B-414180A1D2C7}.Release|x86.Build.0 = Release|Win32
		{324EA497-3659-4E03-BE9E-6843ACD1EE2C}.Debug|Any CPU.ActiveCfg = Debug|Any CPU
		{324EA497-3659-4E03-BE9E-6843ACD1EE2C}.Debug|Any CPU.Build.0 = Debug|Any CPU
		{324EA497-3659-4E03-BE9E-6843ACD1EE2C}.Debug|Win64.ActiveCfg = Debug|Any CPU
		{324EA497-3659-4E03-BE9E-6843ACD1EE2C}.Debug|Win64.Build.0 = Debug|Any CPU
		{324EA497-3659-4E03-BE9E-6843ACD1EE2C}.Debug|x64.ActiveCfg = Debug|Any CPU
		{324EA497-3659-4E03-BE9E-6843ACD1EE2C}.Debug|x64.Build.0 = Debug|Any CPU
		{324EA497-3659-4E03-BE9E-6843ACD1EE2C}.Debug|x86.ActiveCfg = Debug|Any CPU
		{324EA497-3659-4E03-BE9E-6843ACD1EE2C}.Debug|x86.Build.0 = Debug|Any CPU
		{324EA497-3659-4E03-BE9E-6843ACD1EE2C}.Release|Any CPU.ActiveCfg = Release|Any CPU
		{324EA497-3659-4E03-BE9E-6843ACD1EE2C}.Release|Any CPU.Build.0 = Release|Any CPU
		{324EA497-3659-4E03-BE9E-6843ACD1EE2C}.Release|Win64.ActiveCfg = Release|Any CPU
		{324EA497-3659-4E03-BE9E-6843ACD1EE2C}.Release|Win64.Build.0 = Release|Any CPU
		{324EA497-3659-4E03-BE9E-6843ACD1EE2C}.Release|x64.ActiveCfg = Release|Any CPU
		{324EA497-3659-4E03-BE9E-6843ACD1EE2C}.Release|x64.Build.0 = Release|Any CPU
		{324EA497-3659-4E03-BE9E-6843ACD1EE2C}.Release|x86.ActiveCfg = Release|Any CPU
		{324EA497-3659-4E03-BE9E-6843ACD1EE2C}.Release|x86.Build.0 = Release|Any CPU
		{AD54C17E-FC3F-4BBD-AF1F-5BFC5EA25C8D}.Debug|Any CPU.ActiveCfg = Debug|x64
		{AD54C17E-FC3F-4BBD-AF1F-5BFC5EA25C8D}.Debug|Any CPU.Build.0 = Debug|x64
		{AD54C17E-FC3F-4BBD-AF1F-5BFC5EA25C8D}.Debug|Win64.ActiveCfg = Debug|x64
		{AD54C17E-FC3F-4BBD-AF1F-5BFC5EA25C8D}.Debug|Win64.Build.0 = Debug|x64
		{AD54C17E-FC3F-4BBD-AF1F-5BFC5EA25C8D}.Debug|x64.ActiveCfg = Debug|x64
		{AD54C17E-FC3F-4BBD-AF1F-5BFC5EA25C8D}.Debug|x64.Build.0 = Debug|x64
		{AD54C17E-FC3F-4BBD-AF1F-5BFC5EA25C8D}.Debug|x86.ActiveCfg = Debug|Win32
		{AD54C17E-FC3F-4BBD-AF1F-5BFC5EA25C8D}.Debug|x86.Build.0 = Debug|Win32
		{AD54C17E-FC3F-4BBD-AF1F-5BFC5EA25C8D}.Release|Any CPU.ActiveCfg = Release|x64
		{AD54C17E-FC3F-4BBD-AF1F-5BFC5EA25C8D}.Release|Any CPU.Build.0 = Release|x64
		{AD54C17E-FC3F-4BBD-AF1F-5BFC5EA25C8D}.Release|Win64.ActiveCfg = Release|x64
		{AD54C17E-FC3F-4BBD-AF1F-5BFC5EA25C8D}.Release|Win64.Build.0 = Release|x64
		{AD54C17E-FC3F-4BBD-AF1F-5BFC5EA25C8D}.Release|x64.ActiveCfg = Release|x64
		{AD54C17E-FC3F-4BBD-AF1F-5BFC5EA25C8D}.Release|x64.Build.0 = Release|x64
		{AD54C17E-FC3F-4BBD-AF1F-5BFC5EA25C8D}.Release|x86.ActiveCfg = Release|Win32
		{AD54C17E-FC3F-4BBD-AF1F-5BFC5EA25C8D}.Release|x86.Build.0 = Release|Win32
	EndGlobalSection
	GlobalSection(SolutionProperties) = preSolution
		HideSolutionNode = FALSE
	EndGlobalSection
	GlobalSection(NestedProjects) = preSolution
		{6D2AE3D4-1BAB-4C54-A42D-73BBEEABDE6C} = {3E61AF82-33EF-4FD9-A532-E0F0B6549157}
		{A425210F-B430-4B1D-A5E2-80E3F5E1734E} = {0C759606-89B4-41AB-8AD4-578D16C28749}
		{C410C6D5-77C3-4821-8C7A-C50B1EF3C715} = {0C759606-89B4-41AB-8AD4-578D16C28749}
		{08498363-EEAD-42FE-8313-9AE341E545E1} = {0C759606-89B4-41AB-8AD4-578D16C28749}
		{99B42B91-F8D6-4F51-A25A-21F5CC581FCD} = {D1BBF322-0188-4252-BFC3-4EA865FE4684}
		{DDCE7007-9193-44A8-B1C6-DDBE8E3433A8} = {D1BBF322-0188-4252-BFC3-4EA865FE4684}
		{A8F3B5CA-C1F3-4B92-AC1B-414180A1D2C7} = {D1BBF322-0188-4252-BFC3-4EA865FE4684}
		{324EA497-3659-4E03-BE9E-6843ACD1EE2C} = {D1BBF322-0188-4252-BFC3-4EA865FE4684}
		{AD54C17E-FC3F-4BBD-AF1F-5BFC5EA25C8D} = {D1BBF322-0188-4252-BFC3-4EA865FE4684}
	EndGlobalSection
	GlobalSection(ExtensibilityGlobals) = postSolution
		SolutionGuid = {15FFDF69-B113-4F1E-835A-F00E2F7F29BD}
	EndGlobalSection
EndGlobal
